// !$*UTF8*$!
{
	archiveVersion = 1;
	classes = {
	};
	objectVersion = 46;
	objects = {

/* Begin PBXBuildFile section */
		9EF4586E1C46B8F3009855FA /* AppDelegate.swift in Sources */ = {isa = PBXBuildFile; fileRef = 9EF4586D1C46B8F3009855FA /* AppDelegate.swift */; };
		9EF458701C46B8F3009855FA /* ViewController.swift in Sources */ = {isa = PBXBuildFile; fileRef = 9EF4586F1C46B8F3009855FA /* ViewController.swift */; };
		9EF458731C46B8F3009855FA /* Main.storyboard in Resources */ = {isa = PBXBuildFile; fileRef = 9EF458711C46B8F3009855FA /* Main.storyboard */; };
		9EF458751C46B8F3009855FA /* Assets.xcassets in Resources */ = {isa = PBXBuildFile; fileRef = 9EF458741C46B8F3009855FA /* Assets.xcassets */; };
		9EF458781C46B8F3009855FA /* LaunchScreen.storyboard in Resources */ = {isa = PBXBuildFile; fileRef = 9EF458761C46B8F3009855FA /* LaunchScreen.storyboard */; };
		9EF458801C46B972009855FA /* CountryCodeViewController.swift in Sources */ = {isa = PBXBuildFile; fileRef = 9EF4587F1C46B972009855FA /* CountryCodeViewController.swift */; };
		9EF458831C46BA77009855FA /* CountryCodePicker.swift in Sources */ = {isa = PBXBuildFile; fileRef = 9EF458811C46BA77009855FA /* CountryCodePicker.swift */; };
		9EF458841C46BA77009855FA /* CountryCodeView.xib in Resources */ = {isa = PBXBuildFile; fileRef = 9EF458821C46BA77009855FA /* CountryCodeView.xib */; };
/* End PBXBuildFile section */

/* Begin PBXFileReference section */
		9EF4586A1C46B8F3009855FA /* CountryCodePicker.app */ = {isa = PBXFileReference; explicitFileType = wrapper.application; includeInIndex = 0; path = CountryCodePicker.app; sourceTree = BUILT_PRODUCTS_DIR; };
		9EF4586D1C46B8F3009855FA /* AppDelegate.swift */ = {isa = PBXFileReference; lastKnownFileType = sourcecode.swift; path = AppDelegate.swift; sourceTree = "<group>"; };
		9EF4586F1C46B8F3009855FA /* ViewController.swift */ = {isa = PBXFileReference; lastKnownFileType = sourcecode.swift; path = ViewController.swift; sourceTree = "<group>"; };
		9EF458721C46B8F3009855FA /* Base */ = {isa = PBXFileReference; lastKnownFileType = file.storyboard; name = Base; path = Base.lproj/Main.storyboard; sourceTree = "<group>"; };
		9EF458741C46B8F3009855FA /* Assets.xcassets */ = {isa = PBXFileReference; lastKnownFileType = folder.assetcatalog; path = Assets.xcassets; sourceTree = "<group>"; };
		9EF458771C46B8F3009855FA /* Base */ = {isa = PBXFileReference; lastKnownFileType = file.storyboard; name = Base; path = Base.lproj/LaunchScreen.storyboard; sourceTree = "<group>"; };
		9EF458791C46B8F3009855FA /* Info.plist */ = {isa = PBXFileReference; lastKnownFileType = text.plist.xml; path = Info.plist; sourceTree = "<group>"; };
		9EF4587F1C46B972009855FA /* CountryCodeViewController.swift */ = {isa = PBXFileReference; fileEncoding = 4; lastKnownFileType = sourcecode.swift; path = CountryCodeViewController.swift; sourceTree = "<group>"; };
		9EF458811C46BA77009855FA /* CountryCodePicker.swift */ = {isa = PBXFileReference; fileEncoding = 4; lastKnownFileType = sourcecode.swift; path = CountryCodePicker.swift; sourceTree = "<group>"; };
		9EF458821C46BA77009855FA /* CountryCodeView.xib */ = {isa = PBXFileReference; fileEncoding = 4; lastKnownFileType = file.xib; path = CountryCodeView.xib; sourceTree = "<group>"; };
/* End PBXFileReference section */

/* Begin PBXFrameworksBuildPhase section */
		9EF458671C46B8F3009855FA /* Frameworks */ = {
			isa = PBXFrameworksBuildPhase;
			buildActionMask = 2147483647;
			files = (
			);
			runOnlyForDeploymentPostprocessing = 0;
		};
/* End PBXFrameworksBuildPhase section */

/* Begin PBXGroup section */
		9EF458611C46B8F3009855FA = {
			isa = PBXGroup;
			children = (
				9EF4586C1C46B8F3009855FA /* CountryCodePicker */,
				9EF4586B1C46B8F3009855FA /* Products */,
			);
			sourceTree = "<group>";
		};
		9EF4586B1C46B8F3009855FA /* Products */ = {
			isa = PBXGroup;
			children = (
				9EF4586A1C46B8F3009855FA /* CountryCodePicker.app */,
			);
			name = Products;
			sourceTree = "<group>";
		};
		9EF4586C1C46B8F3009855FA /* CountryCodePicker */ = {
			isa = PBXGroup;
			children = (
				9EF4586D1C46B8F3009855FA /* AppDelegate.swift */,
				9EF4586F1C46B8F3009855FA /* ViewController.swift */,
				9EF458711C46B8F3009855FA /* Main.storyboard */,
				9EF458741C46B8F3009855FA /* Assets.xcassets */,
				9EF458761C46B8F3009855FA /* LaunchScreen.storyboard */,
				9EF458791C46B8F3009855FA /* Info.plist */,
				9EF4587F1C46B972009855FA /* CountryCodeViewController.swift */,
				9EF458811C46BA77009855FA /* CountryCodePicker.swift */,
				9EF458821C46BA77009855FA /* CountryCodeView.xib */,
			);
			path = CountryCodePicker;
			sourceTree = "<group>";
		};
/* End PBXGroup section */

/* Begin PBXNativeTarget section */
		9EF458691C46B8F3009855FA /* CountryCodePicker */ = {
			isa = PBXNativeTarget;
			buildConfigurationList = 9EF4587C1C46B8F3009855FA /* Build configuration list for PBXNativeTarget "CountryCodePicker" */;
			buildPhases = (
				9EF458661C46B8F3009855FA /* Sources */,
				9EF458671C46B8F3009855FA /* Frameworks */,
				9EF458681C46B8F3009855FA /* Resources */,
			);
			buildRules = (
			);
			dependencies = (
			);
			name = CountryCodePicker;
			productName = CountryCodePicker;
			productReference = 9EF4586A1C46B8F3009855FA /* CountryCodePicker.app */;
			productType = "com.apple.product-type.application";
		};
/* End PBXNativeTarget section */

/* Begin PBXProject section */
		9EF458621C46B8F3009855FA /* Project object */ = {
			isa = PBXProject;
			attributes = {
				LastSwiftUpdateCheck = 0720;
				LastUpgradeCheck = 0720;
				ORGANIZATIONNAME = CliniFact;
				TargetAttributes = {
					9EF458691C46B8F3009855FA = {
						CreatedOnToolsVersion = 7.2;
					};
				};
			};
			buildConfigurationList = 9EF458651C46B8F3009855FA /* Build configuration list for PBXProject "CountryCodePicker" */;
			compatibilityVersion = "Xcode 3.2";
			developmentRegion = English;
			hasScannedForEncodings = 0;
			knownRegions = (
				en,
				Base,
			);
			mainGroup = 9EF458611C46B8F3009855FA;
			productRefGroup = 9EF4586B1C46B8F3009855FA /* Products */;
			projectDirPath = "";
			projectRoot = "";
			targets = (
				9EF458691C46B8F3009855FA /* CountryCodePicker */,
			);
		};
/* End PBXProject section */

/* Begin PBXResourcesBuildPhase section */
		9EF458681C46B8F3009855FA /* Resources */ = {
			isa = PBXResourcesBuildPhase;
			buildActionMask = 2147483647;
			files = (
				9EF458781C46B8F3009855FA /* LaunchScreen.storyboard in Resources */,
				9EF458841C46BA77009855FA /* CountryCodeView.xib in Resources */,
				9EF458751C46B8F3009855FA /* Assets.xcassets in Resources */,
				9EF458731C46B8F3009855FA /* Main.storyboard in Resources */,
			);
			runOnlyForDeploymentPostprocessing = 0;
		};
/* End PBXResourcesBuildPhase section */

/* Begin PBXSourcesBuildPhase section */
		9EF458661C46B8F3009855FA /* Sources */ = {
			isa = PBXSourcesBuildPhase;
			buildActionMask = 2147483647;
			files = (
				9EF458701C46B8F3009855FA /* ViewController.swift in Sources */,
				9EF4586E1C46B8F3009855FA /* AppDelegate.swift in Sources */,
				9EF458831C46BA77009855FA /* CountryCodePicker.swift in Sources */,
				9EF458801C46B972009855FA /* CountryCodeViewController.swift in Sources */,
			);
			runOnlyForDeploymentPostprocessing = 0;
		};
/* End PBXSourcesBuildPhase section */

/* Begin PBXVariantGroup section */
		9EF458711C46B8F3009855FA /* Main.storyboard */ = {
			isa = PBXVariantGroup;
			children = (
				9EF458721C46B8F3009855FA /* Base */,
			);
			name = Main.storyboard;
			sourceTree = "<group>";
		};
		9EF458761C46B8F3009855FA /* LaunchScreen.storyboard */ = {
			isa = PBXVariantGroup;
			children = (
				9EF458771C46B8F3009855FA /* Base */,
			);
			name = LaunchScreen.storyboard;
			sourceTree = "<group>";
		};
/* End PBXVariantGroup section */

/* Begin XCBuildConfiguration section */
		9EF4587A1C46B8F3009855FA /* Debug */ = {
			isa = XCBuildConfiguration;
			buildSettings = {
				ALWAYS_SEARCH_USER_PATHS = NO;
				CLANG_CXX_LANGUAGE_STANDARD = "gnu++0x";
				CLANG_CXX_LIBRARY = "libc++";
				CLANG_ENABLE_MODULES = YES;
				CLANG_ENABLE_OBJC_ARC = YES;
				CLANG_WARN_BOOL_CONVERSION = YES;
				CLANG_WARN_CONSTANT_CONVERSION = YES;
				CLANG_WARN_DIRECT_OBJC_ISA_USAGE = YES_ERROR;
				CLANG_WARN_EMPTY_BODY = YES;
				CLANG_WARN_ENUM_CONVERSION = YES;
				CLANG_WARN_INT_CONVERSION = YES;
				CLANG_WARN_OBJC_ROOT_CLASS = YES_ERROR;
				CLANG_WARN_UNREACHABLE_CODE = YES;
				CLANG_WARN__DUPLICATE_METHOD_MATCH = YES;
				"CODE_SIGN_IDENTITY[sdk=iphoneos*]" = "iPhone Developer";
				COPY_PHASE_STRIP = NO;
				DEBUG_INFORMATION_FORMAT = dwarf;
				ENABLE_STRICT_OBJC_MSGSEND = YES;
				ENABLE_TESTABILITY = YES;
				GCC_C_LANGUAGE_STANDARD = gnu99;
				GCC_DYNAMIC_NO_PIC = NO;
				GCC_NO_COMMON_BLOCKS = YES;
				GCC_OPTIMIZATION_LEVEL = 0;
				GCC_PREPROCESSOR_DEFINITIONS = (
					"DEBUG=1",
					"$(inherited)",
				);
				GCC_WARN_64_TO_32_BIT_CONVERSION = YES;
				GCC_WARN_ABOUT_RETURN_TYPE = YES_ERROR;
				GCC_WARN_UNDECLARED_SELECTOR = YES;
				GCC_WARN_UNINITIALIZED_AUTOS = YES_AGGRESSIVE;
				GCC_WARN_UNUSED_FUNCTION = YES;
				GCC_WARN_UNUSED_VARIABLE = YES;
				IPHONEOS_DEPLOYMENT_TARGET = 8.1;
				MTL_ENABLE_DEBUG_INFO = YES;
				ONLY_ACTIVE_ARCH = YES;
				SDKROOT = iphoneos;
				SWIFT_OPTIMIZATION_LEVEL = "-Onone";
				TARGETED_DEVICE_FAMILY = "1,2";
			};
			name = Debug;
		};
		9EF4587B1C46B8F3009855FA /* Release */ = {
			isa = XCBuildConfiguration;
			buildSettings = {
				ALWAYS_SEARCH_USER_PATHS = NO;
				CLANG_CXX_LANGUAGE_STANDARD = "gnu++0x";
				CLANG_CXX_LIBRARY = "libc++";
				CLANG_ENABLE_MODULES = YES;
				CLANG_ENABLE_OBJC_ARC = YES;
				CLANG_WARN_BOOL_CONVERSION = YES;
				CLANG_WARN_CONSTANT_CONVERSION = YES;
				CLANG_WARN_DIRECT_OBJC_ISA_USAGE = YES_ERROR;
				CLANG_WARN_EMPTY_BODY = YES;
				CLANG_WARN_ENUM_CONVERSION = YES;
				CLANG_WARN_INT_CONVERSION = YES;
				CLANG_WARN_OBJC_ROOT_CLASS = YES_ERROR;
				CLANG_WARN_UNREACHABLE_CODE = YES;
				CLANG_WARN__DUPLICATE_METHOD_MATCH = YES;
				"CODE_SIGN_IDENTITY[sdk=iphoneos*]" = "iPhone Developer";
				COPY_PHASE_STRIP = NO;
				DEBUG_INFORMATION_FORMAT = "dwarf-with-dsym";
				ENABLE_NS_ASSERTIONS = NO;
				ENABLE_STRICT_OBJC_MSGSEND = YES;
				GCC_C_LANGUAGE_STANDARD = gnu99;
				GCC_NO_COMMON_BLOCKS = YES;
				GCC_WARN_64_TO_32_BIT_CONVERSION = YES;
				GCC_WARN_ABOUT_RETURN_TYPE = YES_ERROR;
				GCC_WARN_UNDECLARED_SELECTOR = YES;
				GCC_WARN_UNINITIALIZED_AUTOS = YES_AGGRESSIVE;
				GCC_WARN_UNUSED_FUNCTION = YES;
				GCC_WARN_UNUSED_VARIABLE = YES;
				IPHONEOS_DEPLOYMENT_TARGET = 8.1;
				MTL_ENABLE_DEBUG_INFO = NO;
				SDKROOT = iphoneos;
				TARGETED_DEVICE_FAMILY = "1,2";
				VALIDATE_PRODUCT = YES;
			};
			name = Release;
		};
		9EF4587D1C46B8F3009855FA /* Debug */ = {
			isa = XCBuildConfiguration;
			buildSettings = {
				ASSETCATALOG_COMPILER_APPICON_NAME = AppIcon;
				INFOPLIST_FILE = CountryCodePicker/Info.plist;
				IPHONEOS_DEPLOYMENT_TARGET = 8.1;
				LD_RUNPATH_SEARCH_PATHS = "$(inherited) @executable_path/Frameworks";
				PRODUCT_BUNDLE_IDENTIFIER = com.clinifact.CountryCodePicker;
				PRODUCT_NAME = "$(TARGET_NAME)";
			};
			name = Debug;
		};
		9EF4587E1C46B8F3009855FA /* Release */ = {
			isa = XCBuildConfiguration;
			buildSettings = {
				ASSETCATALOG_COMPILER_APPICON_NAME = AppIcon;
				INFOPLIST_FILE = CountryCodePicker/Info.plist;
				IPHONEOS_DEPLOYMENT_TARGET = 8.1;
				LD_RUNPATH_SEARCH_PATHS = "$(inherited) @executable_path/Frameworks";
				PRODUCT_BUNDLE_IDENTIFIER = com.clinifact.CountryCodePicker;
				PRODUCT_NAME = "$(TARGET_NAME)";
			};
			name = Release;
		};
/* End XCBuildConfiguration section */

/* Begin XCConfigurationList section */
		9EF458651C46B8F3009855FA /* Build configuration list for PBXProject "CountryCodePicker" */ = {
			isa = XCConfigurationList;
			buildConfigurations = (
				9EF4587A1C46B8F3009855FA /* Debug */,
				9EF4587B1C46B8F3009855FA /* Release */,
			);
			defaultConfigurationIsVisible = 0;
			defaultConfigurationName = Release;
		};
		9EF4587C1C46B8F3009855FA /* Build configuration list for PBXNativeTarget "CountryCodePicker" */ = {
			isa = XCConfigurationList;
			buildConfigurations = (
				9EF4587D1C46B8F3009855FA /* Debug */,
				9EF4587E1C46B8F3009855FA /* Release */,
			);
			defaultConfigurationIsVisible = 0;
		};
/* End XCConfigurationList section */
	};
	rootObject = 9EF458621C46B8F3009855FA /* Project object */;
}
